// !$*UTF8*$!
{
	archiveVersion = 1;
	classes = {
	};
	objectVersion = 46;
	objects = {

/* Begin PBXBuildFile section */
		464B0985398C4933BD68F465 /* libPods.a in Frameworks */ = {isa = PBXBuildFile; fileRef = 56883EBE8AC4445A8F9EA1D0 /* libPods.a */; };
		8D6D31C8179F3AC700DA5556 /* UIKit.framework in Frameworks */ = {isa = PBXBuildFile; fileRef = 8D6D31C7179F3AC700DA5556 /* UIKit.framework */; };
		8D6D31CA179F3AC700DA5556 /* Foundation.framework in Frameworks */ = {isa = PBXBuildFile; fileRef = 8D6D31C9179F3AC700DA5556 /* Foundation.framework */; };
		8D6D31CC179F3AC700DA5556 /* CoreGraphics.framework in Frameworks */ = {isa = PBXBuildFile; fileRef = 8D6D31CB179F3AC700DA5556 /* CoreGraphics.framework */; };
		8D6D31D2179F3AC700DA5556 /* InfoPlist.strings in Resources */ = {isa = PBXBuildFile; fileRef = 8D6D31D0179F3AC700DA5556 /* InfoPlist.strings */; };
		8D6D31D4179F3AC700DA5556 /* main.m in Sources */ = {isa = PBXBuildFile; fileRef = 8D6D31D3179F3AC700DA5556 /* main.m */; };
		8D6D31D8179F3AC700DA5556 /* BGCAppDelegate.m in Sources */ = {isa = PBXBuildFile; fileRef = 8D6D31D7179F3AC700DA5556 /* BGCAppDelegate.m */; };
		8D6D31DA179F3AC700DA5556 /* Default.png in Resources */ = {isa = PBXBuildFile; fileRef = 8D6D31D9179F3AC700DA5556 /* Default.png */; };
		8D6D31DC179F3AC700DA5556 /* Default@2x.png in Resources */ = {isa = PBXBuildFile; fileRef = 8D6D31DB179F3AC700DA5556 /* Default@2x.png */; };
		8D6D31DE179F3AC700DA5556 /* Default-568h@2x.png in Resources */ = {isa = PBXBuildFile; fileRef = 8D6D31DD179F3AC700DA5556 /* Default-568h@2x.png */; };
		8D6D31E1179F3AC700DA5556 /* MainStoryboard.storyboard in Resources */ = {isa = PBXBuildFile; fileRef = 8D6D31DF179F3AC700DA5556 /* MainStoryboard.storyboard */; };
		8D6D31F417A0DC8200DA5556 /* BGCMainViewController.m in Sources */ = {isa = PBXBuildFile; fileRef = 8D6D31F317A0DC8200DA5556 /* BGCMainViewController.m */; };
		8D6D31F617A0DD1C00DA5556 /* MapKit.framework in Frameworks */ = {isa = PBXBuildFile; fileRef = 8D6D31F517A0DD1C00DA5556 /* MapKit.framework */; };
		8D6D31FC17A0E07300DA5556 /* holder.png in Resources */ = {isa = PBXBuildFile; fileRef = 8D6D31F917A0E07300DA5556 /* holder.png */; };
		8D6D31FD17A0E07300DA5556 /* holder@2x.png in Resources */ = {isa = PBXBuildFile; fileRef = 8D6D31FA17A0E07300DA5556 /* holder@2x.png */; };
		8D6D320017A0FC1100DA5556 /* BGCSidebarViewController.m in Sources */ = {isa = PBXBuildFile; fileRef = 8D6D31FF17A0FC1100DA5556 /* BGCSidebarViewController.m */; };
		8D6D320217A0FEB600DA5556 /* QuartzCore.framework in Frameworks */ = {isa = PBXBuildFile; fileRef = 8D6D320117A0FEB500DA5556 /* QuartzCore.framework */; };
		8D6D320517A100B900DA5556 /* BGCLeftTableViewController.m in Sources */ = {isa = PBXBuildFile; fileRef = 8D6D320417A100B800DA5556 /* BGCLeftTableViewController.m */; };
/* End PBXBuildFile section */

/* Begin PBXFileReference section */
		56883EBE8AC4445A8F9EA1D0 /* libPods.a */ = {isa = PBXFileReference; explicitFileType = archive.ar; includeInIndex = 0; path = libPods.a; sourceTree = BUILT_PRODUCTS_DIR; };
		58429E47FBC64949B81AC380 /* Pods.xcconfig */ = {isa = PBXFileReference; includeInIndex = 1; lastKnownFileType = text.xcconfig; name = Pods.xcconfig; path = Pods/Pods.xcconfig; sourceTree = SOURCE_ROOT; };
		8D6D31C4179F3AC700DA5556 /* recoil.app */ = {isa = PBXFileReference; explicitFileType = wrapper.application; includeInIndex = 0; path = recoil.app; sourceTree = BUILT_PRODUCTS_DIR; };
		8D6D31C7179F3AC700DA5556 /* UIKit.framework */ = {isa = PBXFileReference; lastKnownFileType = wrapper.framework; name = UIKit.framework; path = System/Library/Frameworks/UIKit.framework; sourceTree = SDKROOT; };
		8D6D31C9179F3AC700DA5556 /* Foundation.framework */ = {isa = PBXFileReference; lastKnownFileType = wrapper.framework; name = Foundation.framework; path = System/Library/Frameworks/Foundation.framework; sourceTree = SDKROOT; };
		8D6D31CB179F3AC700DA5556 /* CoreGraphics.framework */ = {isa = PBXFileReference; lastKnownFileType = wrapper.framework; name = CoreGraphics.framework; path = System/Library/Frameworks/CoreGraphics.framework; sourceTree = SDKROOT; };
		8D6D31CF179F3AC700DA5556 /* recoil-Info.plist */ = {isa = PBXFileReference; lastKnownFileType = text.plist.xml; path = "recoil-Info.plist"; sourceTree = "<group>"; };
		8D6D31D1179F3AC700DA5556 /* en */ = {isa = PBXFileReference; lastKnownFileType = text.plist.strings; name = en; path = en.lproj/InfoPlist.strings; sourceTree = "<group>"; };
		8D6D31D3179F3AC700DA5556 /* main.m */ = {isa = PBXFileReference; lastKnownFileType = sourcecode.c.objc; path = main.m; sourceTree = "<group>"; };
		8D6D31D5179F3AC700DA5556 /* recoil-Prefix.pch */ = {isa = PBXFileReference; lastKnownFileType = sourcecode.c.h; path = "recoil-Prefix.pch"; sourceTree = "<group>"; };
		8D6D31D6179F3AC700DA5556 /* BGCAppDelegate.h */ = {isa = PBXFileReference; lastKnownFileType = sourcecode.c.h; path = BGCAppDelegate.h; sourceTree = "<group>"; };
		8D6D31D7179F3AC700DA5556 /* BGCAppDelegate.m */ = {isa = PBXFileReference; lastKnownFileType = sourcecode.c.objc; path = BGCAppDelegate.m; sourceTree = "<group>"; };
		8D6D31D9179F3AC700DA5556 /* Default.png */ = {isa = PBXFileReference; lastKnownFileType = image.png; path = Default.png; sourceTree = "<group>"; };
		8D6D31DB179F3AC700DA5556 /* Default@2x.png */ = {isa = PBXFileReference; lastKnownFileType = image.png; path = "Default@2x.png"; sourceTree = "<group>"; };
		8D6D31DD179F3AC700DA5556 /* Default-568h@2x.png */ = {isa = PBXFileReference; lastKnownFileType = image.png; path = "Default-568h@2x.png"; sourceTree = "<group>"; };
		8D6D31E0179F3AC700DA5556 /* en */ = {isa = PBXFileReference; lastKnownFileType = file.storyboard; name = en; path = en.lproj/MainStoryboard.storyboard; sourceTree = "<group>"; };
		8D6D31F217A0DC8200DA5556 /* BGCMainViewController.h */ = {isa = PBXFileReference; fileEncoding = 4; lastKnownFileType = sourcecode.c.h; path = BGCMainViewController.h; sourceTree = "<group>"; };
		8D6D31F317A0DC8200DA5556 /* BGCMainViewController.m */ = {isa = PBXFileReference; fileEncoding = 4; lastKnownFileType = sourcecode.c.objc; path = BGCMainViewController.m; sourceTree = "<group>"; };
		8D6D31F517A0DD1C00DA5556 /* MapKit.framework */ = {isa = PBXFileReference; lastKnownFileType = wrapper.framework; name = MapKit.framework; path = System/Library/Frameworks/MapKit.framework; sourceTree = SDKROOT; };
		8D6D31F917A0E07300DA5556 /* holder.png */ = {isa = PBXFileReference; lastKnownFileType = image.png; name = holder.png; path = ../../../CocoaControls/AksSegmentedSliderControl/AksSegmentedSliderControl/holder.png; sourceTree = "<group>"; };
		8D6D31FA17A0E07300DA5556 /* holder@2x.png */ = {isa = PBXFileReference; lastKnownFileType = image.png; name = "holder@2x.png"; path = "../../../CocoaControls/AksSegmentedSliderControl/AksSegmentedSliderControl/holder@2x.png"; sourceTree = "<group>"; };
		8D6D31FE17A0FC1100DA5556 /* BGCSidebarViewController.h */ = {isa = PBXFileReference; fileEncoding = 4; lastKnownFileType = sourcecode.c.h; path = BGCSidebarViewController.h; sourceTree = "<group>"; };
		8D6D31FF17A0FC1100DA5556 /* BGCSidebarViewController.m */ = {isa = PBXFileReference; fileEncoding = 4; lastKnownFileType = sourcecode.c.objc; path = BGCSidebarViewController.m; sourceTree = "<group>"; };
		8D6D320117A0FEB500DA5556 /* QuartzCore.framework */ = {isa = PBXFileReference; lastKnownFileType = wrapper.framework; name = QuartzCore.framework; path = System/Library/Frameworks/QuartzCore.framework; sourceTree = SDKROOT; };
		8D6D320317A100B800DA5556 /* BGCLeftTableViewController.h */ = {isa = PBXFileReference; fileEncoding = 4; lastKnownFileType = sourcecode.c.h; path = BGCLeftTableViewController.h; sourceTree = "<group>"; };
		8D6D320417A100B800DA5556 /* BGCLeftTableViewController.m */ = {isa = PBXFileReference; fileEncoding = 4; lastKnownFileType = sourcecode.c.objc; path = BGCLeftTableViewController.m; sourceTree = "<group>"; };
/* End PBXFileReference section */

/* Begin PBXFrameworksBuildPhase section */
		8D6D31C1179F3AC700DA5556 /* Frameworks */ = {
			isa = PBXFrameworksBuildPhase;
			buildActionMask = 2147483647;
			files = (
				8D6D320217A0FEB600DA5556 /* QuartzCore.framework in Frameworks */,
				8D6D31F617A0DD1C00DA5556 /* MapKit.framework in Frameworks */,
				8D6D31C8179F3AC700DA5556 /* UIKit.framework in Frameworks */,
				8D6D31CA179F3AC700DA5556 /* Foundation.framework in Frameworks */,
				8D6D31CC179F3AC700DA5556 /* CoreGraphics.framework in Frameworks */,
				464B0985398C4933BD68F465 /* libPods.a in Frameworks */,
			);
			runOnlyForDeploymentPostprocessing = 0;
		};
/* End PBXFrameworksBuildPhase section */

/* Begin PBXGroup section */
		8D6D31BB179F3AC700DA5556 = {
			isa = PBXGroup;
			children = (
				8D6D31CD179F3AC700DA5556 /* recoil */,
				8D6D31C6179F3AC700DA5556 /* Frameworks */,
				8D6D31C5179F3AC700DA5556 /* Products */,
				58429E47FBC64949B81AC380 /* Pods.xcconfig */,
			);
			sourceTree = "<group>";
		};
		8D6D31C5179F3AC700DA5556 /* Products */ = {
			isa = PBXGroup;
			children = (
				8D6D31C4179F3AC700DA5556 /* recoil.app */,
			);
			name = Products;
			sourceTree = "<group>";
		};
		8D6D31C6179F3AC700DA5556 /* Frameworks */ = {
			isa = PBXGroup;
			children = (
				8D6D320117A0FEB500DA5556 /* QuartzCore.framework */,
				8D6D31F517A0DD1C00DA5556 /* MapKit.framework */,
				8D6D31C7179F3AC700DA5556 /* UIKit.framework */,
				8D6D31C9179F3AC700DA5556 /* Foundation.framework */,
				8D6D31CB179F3AC700DA5556 /* CoreGraphics.framework */,
				56883EBE8AC4445A8F9EA1D0 /* libPods.a */,
			);
			name = Frameworks;
			sourceTree = "<group>";
		};
		8D6D31CD179F3AC700DA5556 /* recoil */ = {
			isa = PBXGroup;
			children = (
				8D6D31D6179F3AC700DA5556 /* BGCAppDelegate.h */,
				8D6D31D7179F3AC700DA5556 /* BGCAppDelegate.m */,
				8D6D31F217A0DC8200DA5556 /* BGCMainViewController.h */,
				8D6D31F317A0DC8200DA5556 /* BGCMainViewController.m */,
				8D6D31DF179F3AC700DA5556 /* MainStoryboard.storyboard */,
				8D6D320317A100B800DA5556 /* BGCLeftTableViewController.h */,
				8D6D320417A100B800DA5556 /* BGCLeftTableViewController.m */,
				8D6D31FE17A0FC1100DA5556 /* BGCSidebarViewController.h */,
				8D6D31FF17A0FC1100DA5556 /* BGCSidebarViewController.m */,
				8D6D31CE179F3AC700DA5556 /* Supporting Files */,
			);
			path = recoil;
			sourceTree = "<group>";
		};
		8D6D31CE179F3AC700DA5556 /* Supporting Files */ = {
			isa = PBXGroup;
			children = (
				8D6D31F917A0E07300DA5556 /* holder.png */,
				8D6D31FA17A0E07300DA5556 /* holder@2x.png */,
				8D6D31CF179F3AC700DA5556 /* recoil-Info.plist */,
				8D6D31D0179F3AC700DA5556 /* InfoPlist.strings */,
				8D6D31D3179F3AC700DA5556 /* main.m */,
				8D6D31D5179F3AC700DA5556 /* recoil-Prefix.pch */,
				8D6D31D9179F3AC700DA5556 /* Default.png */,
				8D6D31DB179F3AC700DA5556 /* Default@2x.png */,
				8D6D31DD179F3AC700DA5556 /* Default-568h@2x.png */,
			);
			name = "Supporting Files";
			sourceTree = "<group>";
		};
/* End PBXGroup section */

/* Begin PBXNativeTarget section */
		8D6D31C3179F3AC700DA5556 /* recoil */ = {
			isa = PBXNativeTarget;
			buildConfigurationList = 8D6D31E7179F3AC700DA5556 /* Build configuration list for PBXNativeTarget "recoil" */;
			buildPhases = (
				7D9AC2C3DE61479EBBD7CA5A /* Check Pods Manifest.lock */,
				8D6D31C0179F3AC700DA5556 /* Sources */,
				8D6D31C1179F3AC700DA5556 /* Frameworks */,
				8D6D31C2179F3AC700DA5556 /* Resources */,
				D23DD58AD85D4132AC27986D /* Copy Pods Resources */,
			);
			buildRules = (
			);
			dependencies = (
			);
			name = recoil;
			productName = recoil;
			productReference = 8D6D31C4179F3AC700DA5556 /* recoil.app */;
			productType = "com.apple.product-type.application";
		};
/* End PBXNativeTarget section */

/* Begin PBXProject section */
		8D6D31BC179F3AC700DA5556 /* Project object */ = {
			isa = PBXProject;
			attributes = {
				CLASSPREFIX = BGC;
				LastUpgradeCheck = 0460;
				ORGANIZATIONNAME = BGC;
			};
			buildConfigurationList = 8D6D31BF179F3AC700DA5556 /* Build configuration list for PBXProject "recoil" */;
			compatibilityVersion = "Xcode 3.2";
			developmentRegion = English;
			hasScannedForEncodings = 0;
			knownRegions = (
				en,
			);
			mainGroup = 8D6D31BB179F3AC700DA5556;
			productRefGroup = 8D6D31C5179F3AC700DA5556 /* Products */;
			projectDirPath = "";
			projectRoot = "";
			targets = (
				8D6D31C3179F3AC700DA5556 /* recoil */,
			);
		};
/* End PBXProject section */

/* Begin PBXResourcesBuildPhase section */
		8D6D31C2179F3AC700DA5556 /* Resources */ = {
			isa = PBXResourcesBuildPhase;
			buildActionMask = 2147483647;
			files = (
				8D6D31D2179F3AC700DA5556 /* InfoPlist.strings in Resources */,
				8D6D31DA179F3AC700DA5556 /* Default.png in Resources */,
				8D6D31DC179F3AC700DA5556 /* Default@2x.png in Resources */,
				8D6D31DE179F3AC700DA5556 /* Default-568h@2x.png in Resources */,
				8D6D31E1179F3AC700DA5556 /* MainStoryboard.storyboard in Resources */,
				8D6D31FC17A0E07300DA5556 /* holder.png in Resources */,
				8D6D31FD17A0E07300DA5556 /* holder@2x.png in Resources */,
			);
			runOnlyForDeploymentPostprocessing = 0;
		};
/* End PBXResourcesBuildPhase section */

/* Begin PBXShellScriptBuildPhase section */
		7D9AC2C3DE61479EBBD7CA5A /* Check Pods Manifest.lock */ = {
			isa = PBXShellScriptBuildPhase;
			buildActionMask = 2147483647;
			files = (
			);
			inputPaths = (
			);
			name = "Check Pods Manifest.lock";
			outputPaths = (
			);
			runOnlyForDeploymentPostprocessing = 0;
			shellPath = /bin/sh;
			shellScript = "diff \"${PODS_ROOT}/../Podfile.lock\" \"${PODS_ROOT}/Manifest.lock\" > /dev/null\nif [[ $? != 0 ]] ; then\n    cat << EOM\nerror: The sandbox is not in sync with the Podfile.lock. Run 'pod install' or update your CocoaPods installation.\nEOM\n    exit 1\nfi\n";
			showEnvVarsInLog = 0;
		};
		D23DD58AD85D4132AC27986D /* Copy Pods Resources */ = {
			isa = PBXShellScriptBuildPhase;
			buildActionMask = 2147483647;
			files = (
			);
			inputPaths = (
			);
			name = "Copy Pods Resources";
			outputPaths = (
			);
			runOnlyForDeploymentPostprocessing = 0;
			shellPath = /bin/sh;
			shellScript = "\"${SRCROOT}/Pods/Pods-resources.sh\"\n";
			showEnvVarsInLog = 0;
		};
/* End PBXShellScriptBuildPhase section */

/* Begin PBXSourcesBuildPhase section */
		8D6D31C0179F3AC700DA5556 /* Sources */ = {
			isa = PBXSourcesBuildPhase;
			buildActionMask = 2147483647;
			files = (
				8D6D31D4179F3AC700DA5556 /* main.m in Sources */,
				8D6D31D8179F3AC700DA5556 /* BGCAppDelegate.m in Sources */,
				8D6D31F417A0DC8200DA5556 /* BGCMainViewController.m in Sources */,
				8D6D320017A0FC1100DA5556 /* BGCSidebarViewController.m in Sources */,
				8D6D320517A100B900DA5556 /* BGCLeftTableViewController.m in Sources */,
			);
			runOnlyForDeploymentPostprocessing = 0;
		};
/* End PBXSourcesBuildPhase section */

/* Begin PBXVariantGroup section */
		8D6D31D0179F3AC700DA5556 /* InfoPlist.strings */ = {
			isa = PBXVariantGroup;
			children = (
				8D6D31D1179F3AC700DA5556 /* en */,
			);
			name = InfoPlist.strings;
			sourceTree = "<group>";
		};
		8D6D31DF179F3AC700DA5556 /* MainStoryboard.storyboard */ = {
			isa = PBXVariantGroup;
			children = (
				8D6D31E0179F3AC700DA5556 /* en */,
			);
			name = MainStoryboard.storyboard;
			sourceTree = "<group>";
		};
/* End PBXVariantGroup section */

/* Begin XCBuildConfiguration section */
		8D6D31E5179F3AC700DA5556 /* Debug */ = {
			isa = XCBuildConfiguration;
			buildSettings = {
				ALWAYS_SEARCH_USER_PATHS = NO;
				CLANG_CXX_LANGUAGE_STANDARD = "gnu++0x";
				CLANG_CXX_LIBRARY = "libc++";
				CLANG_ENABLE_OBJC_ARC = YES;
				CLANG_WARN_CONSTANT_CONVERSION = YES;
				CLANG_WARN_EMPTY_BODY = YES;
				CLANG_WARN_ENUM_CONVERSION = YES;
				CLANG_WARN_INT_CONVERSION = YES;
				CLANG_WARN__DUPLICATE_METHOD_MATCH = YES;
				"CODE_SIGN_IDENTITY[sdk=iphoneos*]" = "iPhone Developer";
				COPY_PHASE_STRIP = NO;
				GCC_C_LANGUAGE_STANDARD = gnu99;
				GCC_DYNAMIC_NO_PIC = NO;
				GCC_OPTIMIZATION_LEVEL = 0;
				GCC_PREPROCESSOR_DEFINITIONS = (
					"DEBUG=1",
					"$(inherited)",
				);
				GCC_SYMBOLS_PRIVATE_EXTERN = NO;
				GCC_WARN_ABOUT_RETURN_TYPE = YES;
				GCC_WARN_UNINITIALIZED_AUTOS = YES;
				GCC_WARN_UNUSED_VARIABLE = YES;
				IPHONEOS_DEPLOYMENT_TARGET = 6.1;
				ONLY_ACTIVE_ARCH = YES;
				SDKROOT = iphoneos;
			};
			name = Debug;
		};
		8D6D31E6179F3AC700DA5556 /* Release */ = {
			isa = XCBuildConfiguration;
			buildSettings = {
				ALWAYS_SEARCH_USER_PATHS = NO;
				CLANG_CXX_LANGUAGE_STANDARD = "gnu++0x";
				CLANG_CXX_LIBRARY = "libc++";
				CLANG_ENABLE_OBJC_ARC = YES;
				CLANG_WARN_CONSTANT_CONVERSION = YES;
				CLANG_WARN_EMPTY_BODY = YES;
				CLANG_WARN_ENUM_CONVERSION = YES;
				CLANG_WARN_INT_CONVERSION = YES;
				CLANG_WARN__DUPLICATE_METHOD_MATCH = YES;
				"CODE_SIGN_IDENTITY[sdk=iphoneos*]" = "iPhone Developer";
				COPY_PHASE_STRIP = YES;
				GCC_C_LANGUAGE_STANDARD = gnu99;
				GCC_WARN_ABOUT_RETURN_TYPE = YES;
				GCC_WARN_UNINITIALIZED_AUTOS = YES;
				GCC_WARN_UNUSED_VARIABLE = YES;
				IPHONEOS_DEPLOYMENT_TARGET = 6.1;
				OTHER_CFLAGS = "-DNS_BLOCK_ASSERTIONS=1";
				SDKROOT = iphoneos;
				VALIDATE_PRODUCT = YES;
			};
			name = Release;
		};
		8D6D31E8179F3AC700DA5556 /* Debug */ = {
			isa = XCBuildConfiguration;
			baseConfigurationReference = 58429E47FBC64949B81AC380 /* Pods.xcconfig */;
			buildSettings = {
				GCC_PRECOMPILE_PREFIX_HEADER = YES;
				GCC_PREFIX_HEADER = "recoil/recoil-Prefix.pch";
				INFOPLIST_FILE = "recoil/recoil-Info.plist";
				PRODUCT_NAME = "$(TARGET_NAME)";
				WRAPPER_EXTENSION = app;
			};
			name = Debug;
		};
		8D6D31E9179F3AC700DA5556 /* Release */ = {
			isa = XCBuildConfiguration;
			baseConfigurationReference = 58429E47FBC64949B81AC380 /* Pods.xcconfig */;
			buildSettings = {
				GCC_PRECOMPILE_PREFIX_HEADER = YES;
				GCC_PREFIX_HEADER = "recoil/recoil-Prefix.pch";
				INFOPLIST_FILE = "recoil/recoil-Info.plist";
				PRODUCT_NAME = "$(TARGET_NAME)";
				WRAPPER_EXTENSION = app;
			};
			name = Release;
		};
/* End XCBuildConfiguration section */

/* Begin XCConfigurationList section */
		8D6D31BF179F3AC700DA5556 /* Build configuration list for PBXProject "recoil" */ = {
			isa = XCConfigurationList;
			buildConfigurations = (
				8D6D31E5179F3AC700DA5556 /* Debug */,
				8D6D31E6179F3AC700DA5556 /* Release */,
			);
			defaultConfigurationIsVisible = 0;
			defaultConfigurationName = Release;
		};
		8D6D31E7179F3AC700DA5556 /* Build configuration list for PBXNativeTarget "recoil" */ = {
			isa = XCConfigurationList;
			buildConfigurations = (
				8D6D31E8179F3AC700DA5556 /* Debug */,
				8D6D31E9179F3AC700DA5556 /* Release */,
			);
			defaultConfigurationIsVisible = 0;
			defaultConfigurationName = Release;
		};
/* End XCConfigurationList section */
	};
	rootObject = 8D6D31BC179F3AC700DA5556 /* Project object */;
}
